
Microsoft Visual Studio Solution File, Format Version 12.00
# Visual Studio Version 17
VisualStudioVersion = 17.11.35222.181
MinimumVisualStudioVersion = 10.0.40219.1
Project("{FAE04EC0-301F-11D3-BF4B-00C04F79EFBC}") = "CleanCode&CodeStyle1", "CleanCode&CodeStyle1\CleanCode&CodeStyle1.csproj", "{4CEF61E7-4C75-40AF-AAF8-A057E85D9A27}"
EndProject
Global
	GlobalSection(SolutionConfigurationPlatforms) = preSolution
		Debug|Any CPU = Debug|Any CPU
		Release|Any CPU = Release|Any CPU
	EndGlobalSection
	GlobalSection(ProjectConfigurationPlatforms) = postSolution
		{4CEF61E7-4C75-40AF-AAF8-A057E85D9A27}.Debug|Any CPU.ActiveCfg = Debug|Any CPU
		{4CEF61E7-4C75-40AF-AAF8-A057E85D9A27}.Debug|Any CPU.Build.0 = Debug|Any CPU
		{4CEF61E7-4C75-40AF-AAF8-A057E85D9A27}.Release|Any CPU.ActiveCfg = Release|Any CPU
		{4CEF61E7-4C75-40AF-AAF8-A057E85D9A27}.Release|Any CPU.Build.0 = Release|Any CPU
	EndGlobalSection
	GlobalSection(SolutionProperties) = preSolution
		HideSolutionNode = FALSE
	EndGlobalSection
	GlobalSection(ExtensibilityGlobals) = postSolution
		SolutionGuid = {F559C9A6-0289-49EA-980A-0CD9F0E71EF9}
	EndGlobalSection
EndGlobal
